
Microsoft Visual Studio Solution File, Format Version 12.00
# Visual Studio Version 16
VisualStudioVersion = 16.0.30011.22
MinimumVisualStudioVersion = 10.0.40219.1
Project("{FAE04EC0-301F-11D3-BF4B-00C04F79EFBC}") = "ConsoleAppOperators", "ConsoleAppOperators\ConsoleAppOperators.csproj", "{BC1DF2CB-F13E-4AAD-B980-DC2EED45CF84}"
EndProject
Global
	GlobalSection(SolutionConfigurationPlatforms) = preSolution
		Debug|Any CPU = Debug|Any CPU
		Release|Any CPU = Release|Any CPU
	EndGlobalSection
	GlobalSection(ProjectConfigurationPlatforms) = postSolution
		{BC1DF2CB-F13E-4AAD-B980-DC2EED45CF84}.Debug|Any CPU.ActiveCfg = Debug|Any CPU
		{BC1DF2CB-F13E-4AAD-B980-DC2EED45CF84}.Debug|Any CPU.Build.0 = Debug|Any CPU
		{BC1DF2CB-F13E-4AAD-B980-DC2EED45CF84}.Release|Any CPU.ActiveCfg = Release|Any CPU
		{BC1DF2CB-F13E-4AAD-B980-DC2EED45CF84}.Release|Any CPU.Build.0 = Release|Any CPU
	EndGlobalSection
	GlobalSection(SolutionProperties) = preSolution
		HideSolutionNode = FALSE
	EndGlobalSection
	GlobalSection(ExtensibilityGlobals) = postSolution
		SolutionGuid = {F180911A-509C-4D7E-8720-455F0B4CB321}
	EndGlobalSection
EndGlobal
