
Microsoft Visual Studio Solution File, Format Version 12.00
# Visual Studio Version 16
VisualStudioVersion = 16.0.30011.22
MinimumVisualStudioVersion = 10.0.40219.1
Project("{FAE04EC0-301F-11D3-BF4B-00C04F79EFBC}") = "ConsoleAppFunctions", "ConsoleAppFunctions\ConsoleAppFunctions.csproj", "{7D593841-B491-4A96-9C84-A200046A5C06}"
EndProject
Global
	GlobalSection(SolutionConfigurationPlatforms) = preSolution
		Debug|Any CPU = Debug|Any CPU
		Release|Any CPU = Release|Any CPU
	EndGlobalSection
	GlobalSection(ProjectConfigurationPlatforms) = postSolution
		{7D593841-B491-4A96-9C84-A200046A5C06}.Debug|Any CPU.ActiveCfg = Debug|Any CPU
		{7D593841-B491-4A96-9C84-A200046A5C06}.Debug|Any CPU.Build.0 = Debug|Any CPU
		{7D593841-B491-4A96-9C84-A200046A5C06}.Release|Any CPU.ActiveCfg = Release|Any CPU
		{7D593841-B491-4A96-9C84-A200046A5C06}.Release|Any CPU.Build.0 = Release|Any CPU
	EndGlobalSection
	GlobalSection(SolutionProperties) = preSolution
		HideSolutionNode = FALSE
	EndGlobalSection
	GlobalSection(ExtensibilityGlobals) = postSolution
		SolutionGuid = {7F138C85-9DD9-4C06-BE98-443320EEDF00}
	EndGlobalSection
EndGlobal
